
Microsoft Visual Studio Solution File, Format Version 12.00
# Visual Studio Version 17
VisualStudioVersion = 17.0.32002.185
MinimumVisualStudioVersion = 10.0.40219.1
Project("{9A19103F-16F7-4668-BE54-9A1E7A4F7556}") = "Yuyuyui.PrivateServer.CLI", "Yuyuyui.PrivateServer.CLI\Yuyuyui.PrivateServer.CLI.csproj", "{9E8BAF32-0921-4E74-B288-8AD47DC6B7F8}"
EndProject
Project("{9A19103F-16F7-4668-BE54-9A1E7A4F7556}") = "Yuyuyui.PrivateServer", "Yuyuyui.PrivateServer\Yuyuyui.PrivateServer.csproj", "{C0F794B0-8F58-40A4-976A-E0AF3EDD470E}"
EndProject
Project("{9A19103F-16F7-4668-BE54-9A1E7A4F7556}") = "Yuyuyui.PrivateServer.DataModel", "Yuyuyui.PrivateServer.DataModel\Yuyuyui.PrivateServer.DataModel.csproj", "{D8715F87-DEF7-4C85-ACDA-58927D26A326}"
EndProject
Project("{9A19103F-16F7-4668-BE54-9A1E7A4F7556}") = "Yuyuyui.AccountTransfer", "Yuyuyui.AccountTransfer\Yuyuyui.AccountTransfer.csproj", "{CABD3E8C-3B32-43B5-ABD8-100C7D94F32F}"
EndProject
Project("{9A19103F-16F7-4668-BE54-9A1E7A4F7556}") = "Yuyuyui.AccountTransfer.CLI", "Yuyuyui.AccountTransfer.CLI\Yuyuyui.AccountTransfer.CLI.csproj", "{69066B5E-FD53-44DE-95A4-0CF406480181}"
EndProject
Project("{9A19103F-16F7-4668-BE54-9A1E7A4F7556}") = "Yuyuyui.GoalKeeper", "Yuyuyui.GoalKeeper\Yuyuyui.GoalKeeper.csproj", "{77688096-1514-4714-A0D8-DCDA41C37D0E}"
EndProject
Project("{9A19103F-16F7-4668-BE54-9A1E7A4F7556}") = "Yuyuyui.PrivateServer.GUI", "Yuyuyui.PrivateServer.GUI\Yuyuyui.PrivateServer.GUI.csproj", "{58966041-80EA-4308-91C5-339E7794DBFC}"
EndProject
Global
	GlobalSection(SolutionConfigurationPlatforms) = preSolution
		Debug|Any CPU = Debug|Any CPU
		Release|Any CPU = Release|Any CPU
	EndGlobalSection
	GlobalSection(ProjectConfigurationPlatforms) = postSolution
		{9E8BAF32-0921-4E74-B288-8AD47DC6B7F8}.Debug|Any CPU.ActiveCfg = Debug|Any CPU
		{9E8BAF32-0921-4E74-B288-8AD47DC6B7F8}.Debug|Any CPU.Build.0 = Debug|Any CPU
		{9E8BAF32-0921-4E74-B288-8AD47DC6B7F8}.Release|Any CPU.ActiveCfg = Release|Any CPU
		{9E8BAF32-0921-4E74-B288-8AD47DC6B7F8}.Release|Any CPU.Build.0 = Release|Any CPU
		{C0F794B0-8F58-40A4-976A-E0AF3EDD470E}.Debug|Any CPU.ActiveCfg = Debug|Any CPU
		{C0F794B0-8F58-40A4-976A-E0AF3EDD470E}.Debug|Any CPU.Build.0 = Debug|Any CPU
		{C0F794B0-8F58-40A4-976A-E0AF3EDD470E}.Release|Any CPU.ActiveCfg = Release|Any CPU
		{C0F794B0-8F58-40A4-976A-E0AF3EDD470E}.Release|Any CPU.Build.0 = Release|Any CPU
		{D8715F87-DEF7-4C85-ACDA-58927D26A326}.Debug|Any CPU.ActiveCfg = Debug|Any CPU
		{D8715F87-DEF7-4C85-ACDA-58927D26A326}.Debug|Any CPU.Build.0 = Debug|Any CPU
		{D8715F87-DEF7-4C85-ACDA-58927D26A326}.Release|Any CPU.ActiveCfg = Release|Any CPU
		{D8715F87-DEF7-4C85-ACDA-58927D26A326}.Release|Any CPU.Build.0 = Release|Any CPU
		{CABD3E8C-3B32-43B5-ABD8-100C7D94F32F}.Debug|Any CPU.ActiveCfg = Debug|Any CPU
		{CABD3E8C-3B32-43B5-ABD8-100C7D94F32F}.Debug|Any CPU.Build.0 = Debug|Any CPU
		{CABD3E8C-3B32-43B5-ABD8-100C7D94F32F}.Release|Any CPU.ActiveCfg = Release|Any CPU
		{CABD3E8C-3B32-43B5-ABD8-100C7D94F32F}.Release|Any CPU.Build.0 = Release|Any CPU
		{69066B5E-FD53-44DE-95A4-0CF406480181}.Debug|Any CPU.ActiveCfg = Debug|Any CPU
		{69066B5E-FD53-44DE-95A4-0CF406480181}.Debug|Any CPU.Build.0 = Debug|Any CPU
		{69066B5E-FD53-44DE-95A4-0CF406480181}.Release|Any CPU.ActiveCfg = Release|Any CPU
		{69066B5E-FD53-44DE-95A4-0CF406480181}.Release|Any CPU.Build.0 = Release|Any CPU
		{77688096-1514-4714-A0D8-DCDA41C37D0E}.Debug|Any CPU.ActiveCfg = Debug|Any CPU
		{77688096-1514-4714-A0D8-DCDA41C37D0E}.Debug|Any CPU.Build.0 = Debug|Any CPU
		{77688096-1514-4714-A0D8-DCDA41C37D0E}.Release|Any CPU.ActiveCfg = Release|Any CPU
		{77688096-1514-4714-A0D8-DCDA41C37D0E}.Release|Any CPU.Build.0 = Release|Any CPU
		{58966041-80EA-4308-91C5-339E7794DBFC}.Debug|Any CPU.ActiveCfg = Debug|Any CPU
		{58966041-80EA-4308-91C5-339E7794DBFC}.Debug|Any CPU.Build.0 = Debug|Any CPU
		{58966041-80EA-4308-91C5-339E7794DBFC}.Release|Any CPU.ActiveCfg = Release|Any CPU
		{58966041-80EA-4308-91C5-339E7794DBFC}.Release|Any CPU.Build.0 = Release|Any CPU
	EndGlobalSection
	GlobalSection(SolutionProperties) = preSolution
		HideSolutionNode = FALSE
	EndGlobalSection
	GlobalSection(ExtensibilityGlobals) = postSolution
		SolutionGuid = {B53BB682-EFFF-46C7-AF7F-CD711A7457DE}
	EndGlobalSection
EndGlobal
